// !$*UTF8*$!
{
	archiveVersion = 1;
	classes = {
	};
	objectVersion = 52;
	objects = {

/* Begin PBXBuildFile section */
		A5981A0923A3E25300A57683 /* AppDelegate.swift in Sources */ = {isa = PBXBuildFile; fileRef = A5981A0823A3E25300A57683 /* AppDelegate.swift */; };
		A5981A0B23A3E25300A57683 /* SceneDelegate.swift in Sources */ = {isa = PBXBuildFile; fileRef = A5981A0A23A3E25300A57683 /* SceneDelegate.swift */; };
		A5981A0D23A3E25400A57683 /* RootView.swift in Sources */ = {isa = PBXBuildFile; fileRef = A5981A0C23A3E25400A57683 /* RootView.swift */; };
		A5981A0F23A3E25500A57683 /* Assets.xcassets in Resources */ = {isa = PBXBuildFile; fileRef = A5981A0E23A3E25500A57683 /* Assets.xcassets */; };
		A5981A1223A3E25500A57683 /* Preview Assets.xcassets in Resources */ = {isa = PBXBuildFile; fileRef = A5981A1123A3E25500A57683 /* Preview Assets.xcassets */; };
		A5981A1523A3E25500A57683 /* LaunchScreen.storyboard in Resources */ = {isa = PBXBuildFile; fileRef = A5981A1323A3E25500A57683 /* LaunchScreen.storyboard */; };
		A5981A1E23A5725900A57683 /* Alamofire in Frameworks */ = {isa = PBXBuildFile; productRef = A5981A1D23A5725900A57683 /* Alamofire */; };
		A5981A4323A684BF00A57683 /* NewsView.swift in Sources */ = {isa = PBXBuildFile; fileRef = A5981A4223A684BF00A57683 /* NewsView.swift */; };
		A5981A4523A684BF00A57683 /* ArticlesListViewModel.swift in Sources */ = {isa = PBXBuildFile; fileRef = A5981A4423A684BF00A57683 /* ArticlesListViewModel.swift */; };
		A5981A4823A691E200A57683 /* Collection.swift in Sources */ = {isa = PBXBuildFile; fileRef = A5981A4723A691E200A57683 /* Collection.swift */; };
		A5981A8823A6A7F100A57683 /* PersonListViewModel.swift in Sources */ = {isa = PBXBuildFile; fileRef = A5981A8723A6A7F100A57683 /* PersonListViewModel.swift */; };
		A5981ABA23A6A7F100A57683 /* RAMView.swift in Sources */ = {isa = PBXBuildFile; fileRef = A5981AB923A6A7F100A57683 /* RAMView.swift */; };
		A5981B3823A7C3C900A57683 /* AlamofireRequestBuilderFactoryForRAM.swift in Sources */ = {isa = PBXBuildFile; fileRef = A5981B2723A7C3C800A57683 /* AlamofireRequestBuilderFactoryForRAM.swift */; };
		A5981B3923A7C3C900A57683 /* PersonsAPI.swift in Sources */ = {isa = PBXBuildFile; fileRef = A5981B2923A7C3C800A57683 /* PersonsAPI.swift */; };
		A5981B3C23A7C3C900A57683 /* RickAndMortiAPI.swift in Sources */ = {isa = PBXBuildFile; fileRef = A5981B2C23A7C3C800A57683 /* RickAndMortiAPI.swift */; };
		A5981B3D23A7C3C900A57683 /* Person.swift in Sources */ = {isa = PBXBuildFile; fileRef = A5981B2E23A7C3C800A57683 /* Person.swift */; };
		A5981B3E23A7C3C900A57683 /* Info.swift in Sources */ = {isa = PBXBuildFile; fileRef = A5981B2F23A7C3C800A57683 /* Info.swift */; };
		A5981B3F23A7C3C900A57683 /* PersonList.swift in Sources */ = {isa = PBXBuildFile; fileRef = A5981B3023A7C3C800A57683 /* PersonList.swift */; };
		A5981B4023A7C3C900A57683 /* OriginLocation.swift in Sources */ = {isa = PBXBuildFile; fileRef = A5981B3123A7C3C800A57683 /* OriginLocation.swift */; };
		A5981B4123A7C3C900A57683 /* ErrorModel.swift in Sources */ = {isa = PBXBuildFile; fileRef = A5981B3223A7C3C800A57683 /* ErrorModel.swift */; };
		A5981B4723A7C53400A57683 /* ActivityIndicatorView.swift in Sources */ = {isa = PBXBuildFile; fileRef = A5981B4623A7C53400A57683 /* ActivityIndicatorView.swift */; };
		A5981B4F23A7D12000A57683 /* JSONEncodingHelper.swift in Sources */ = {isa = PBXBuildFile; fileRef = A5981B4823A7D11F00A57683 /* JSONEncodingHelper.swift */; };
		A5981B5023A7D12000A57683 /* APIHelper.swift in Sources */ = {isa = PBXBuildFile; fileRef = A5981B4923A7D11F00A57683 /* APIHelper.swift */; };
		A5981B5123A7D12000A57683 /* Extensions.swift in Sources */ = {isa = PBXBuildFile; fileRef = A5981B4A23A7D11F00A57683 /* Extensions.swift */; };
		A5981B5223A7D12000A57683 /* Configuration.swift in Sources */ = {isa = PBXBuildFile; fileRef = A5981B4B23A7D11F00A57683 /* Configuration.swift */; };
		A5981B5323A7D12000A57683 /* CodableHelper.swift in Sources */ = {isa = PBXBuildFile; fileRef = A5981B4C23A7D11F00A57683 /* CodableHelper.swift */; };
		A5981B5423A7D12000A57683 /* Models.swift in Sources */ = {isa = PBXBuildFile; fileRef = A5981B4D23A7D11F00A57683 /* Models.swift */; };
		A5981B5523A7D12000A57683 /* JSONEncodableEncoding.swift in Sources */ = {isa = PBXBuildFile; fileRef = A5981B4E23A7D12000A57683 /* JSONEncodableEncoding.swift */; };
		A5981B6023A7D1B100A57683 /* AlamofireImplementations.swift in Sources */ = {isa = PBXBuildFile; fileRef = A5981B5723A7D1B100A57683 /* AlamofireImplementations.swift */; };
		A5981B6123A7D1B100A57683 /* ArticlesAPI.swift in Sources */ = {isa = PBXBuildFile; fileRef = A5981B5923A7D1B100A57683 /* ArticlesAPI.swift */; };
		A5981B6223A7D1B100A57683 /* APIs.swift in Sources */ = {isa = PBXBuildFile; fileRef = A5981B5A23A7D1B100A57683 /* APIs.swift */; };
		A5981B6323A7D1B100A57683 /* Source.swift in Sources */ = {isa = PBXBuildFile; fileRef = A5981B5C23A7D1B100A57683 /* Source.swift */; };
		A5981B6423A7D1B100A57683 /* ArticleList.swift in Sources */ = {isa = PBXBuildFile; fileRef = A5981B5D23A7D1B100A57683 /* ArticleList.swift */; };
		A5981B6523A7D1B100A57683 /* Article.swift in Sources */ = {isa = PBXBuildFile; fileRef = A5981B5E23A7D1B100A57683 /* Article.swift */; };
		A5981B6823A7EB5900A57683 /* RAMCellView.swift in Sources */ = {isa = PBXBuildFile; fileRef = A5981B6723A7EB5900A57683 /* RAMCellView.swift */; };
/* End PBXBuildFile section */

/* Begin PBXFileReference section */
		A5981A0523A3E25300A57683 /* HW2_NetworkApi_SwiftUI.app */ = {isa = PBXFileReference; explicitFileType = wrapper.application; includeInIndex = 0; path = HW2_NetworkApi_SwiftUI.app; sourceTree = BUILT_PRODUCTS_DIR; };
		A5981A0823A3E25300A57683 /* AppDelegate.swift */ = {isa = PBXFileReference; lastKnownFileType = sourcecode.swift; path = AppDelegate.swift; sourceTree = "<group>"; };
		A5981A0A23A3E25300A57683 /* SceneDelegate.swift */ = {isa = PBXFileReference; lastKnownFileType = sourcecode.swift; path = SceneDelegate.swift; sourceTree = "<group>"; };
		A5981A0C23A3E25400A57683 /* RootView.swift */ = {isa = PBXFileReference; lastKnownFileType = sourcecode.swift; path = RootView.swift; sourceTree = "<group>"; };
		A5981A0E23A3E25500A57683 /* Assets.xcassets */ = {isa = PBXFileReference; lastKnownFileType = folder.assetcatalog; path = Assets.xcassets; sourceTree = "<group>"; };
		A5981A1123A3E25500A57683 /* Preview Assets.xcassets */ = {isa = PBXFileReference; lastKnownFileType = folder.assetcatalog; path = "Preview Assets.xcassets"; sourceTree = "<group>"; };
		A5981A1423A3E25500A57683 /* Base */ = {isa = PBXFileReference; lastKnownFileType = file.storyboard; name = Base; path = Base.lproj/LaunchScreen.storyboard; sourceTree = "<group>"; };
		A5981A1623A3E25500A57683 /* Info.plist */ = {isa = PBXFileReference; lastKnownFileType = text.plist.xml; path = Info.plist; sourceTree = "<group>"; };
		A5981A4223A684BF00A57683 /* NewsView.swift */ = {isa = PBXFileReference; lastKnownFileType = sourcecode.swift; path = NewsView.swift; sourceTree = "<group>"; };
		A5981A4423A684BF00A57683 /* ArticlesListViewModel.swift */ = {isa = PBXFileReference; lastKnownFileType = sourcecode.swift; path = ArticlesListViewModel.swift; sourceTree = "<group>"; };
		A5981A4723A691E200A57683 /* Collection.swift */ = {isa = PBXFileReference; lastKnownFileType = sourcecode.swift; path = Collection.swift; sourceTree = "<group>"; };
		A5981A8723A6A7F100A57683 /* PersonListViewModel.swift */ = {isa = PBXFileReference; lastKnownFileType = sourcecode.swift; path = PersonListViewModel.swift; sourceTree = "<group>"; };
		A5981AB923A6A7F100A57683 /* RAMView.swift */ = {isa = PBXFileReference; lastKnownFileType = sourcecode.swift; path = RAMView.swift; sourceTree = "<group>"; };
		A5981B2723A7C3C800A57683 /* AlamofireRequestBuilderFactoryForRAM.swift */ = {isa = PBXFileReference; fileEncoding = 4; lastKnownFileType = sourcecode.swift; path = AlamofireRequestBuilderFactoryForRAM.swift; sourceTree = "<group>"; };
		A5981B2923A7C3C800A57683 /* PersonsAPI.swift */ = {isa = PBXFileReference; fileEncoding = 4; lastKnownFileType = sourcecode.swift; path = PersonsAPI.swift; sourceTree = "<group>"; };
		A5981B2C23A7C3C800A57683 /* RickAndMortiAPI.swift */ = {isa = PBXFileReference; fileEncoding = 4; lastKnownFileType = sourcecode.swift; path = RickAndMortiAPI.swift; sourceTree = "<group>"; };
		A5981B2E23A7C3C800A57683 /* Person.swift */ = {isa = PBXFileReference; fileEncoding = 4; lastKnownFileType = sourcecode.swift; path = Person.swift; sourceTree = "<group>"; };
		A5981B2F23A7C3C800A57683 /* Info.swift */ = {isa = PBXFileReference; fileEncoding = 4; lastKnownFileType = sourcecode.swift; path = Info.swift; sourceTree = "<group>"; };
		A5981B3023A7C3C800A57683 /* PersonList.swift */ = {isa = PBXFileReference; fileEncoding = 4; lastKnownFileType = sourcecode.swift; path = PersonList.swift; sourceTree = "<group>"; };
		A5981B3123A7C3C800A57683 /* OriginLocation.swift */ = {isa = PBXFileReference; fileEncoding = 4; lastKnownFileType = sourcecode.swift; path = OriginLocation.swift; sourceTree = "<group>"; };
		A5981B3223A7C3C800A57683 /* ErrorModel.swift */ = {isa = PBXFileReference; fileEncoding = 4; lastKnownFileType = sourcecode.swift; path = ErrorModel.swift; sourceTree = "<group>"; };
		A5981B4623A7C53400A57683 /* ActivityIndicatorView.swift */ = {isa = PBXFileReference; lastKnownFileType = sourcecode.swift; path = ActivityIndicatorView.swift; sourceTree = "<group>"; };
		A5981B4823A7D11F00A57683 /* JSONEncodingHelper.swift */ = {isa = PBXFileReference; fileEncoding = 4; lastKnownFileType = sourcecode.swift; path = JSONEncodingHelper.swift; sourceTree = "<group>"; };
		A5981B4923A7D11F00A57683 /* APIHelper.swift */ = {isa = PBXFileReference; fileEncoding = 4; lastKnownFileType = sourcecode.swift; path = APIHelper.swift; sourceTree = "<group>"; };
		A5981B4A23A7D11F00A57683 /* Extensions.swift */ = {isa = PBXFileReference; fileEncoding = 4; lastKnownFileType = sourcecode.swift; path = Extensions.swift; sourceTree = "<group>"; };
		A5981B4B23A7D11F00A57683 /* Configuration.swift */ = {isa = PBXFileReference; fileEncoding = 4; lastKnownFileType = sourcecode.swift; path = Configuration.swift; sourceTree = "<group>"; };
		A5981B4C23A7D11F00A57683 /* CodableHelper.swift */ = {isa = PBXFileReference; fileEncoding = 4; lastKnownFileType = sourcecode.swift; path = CodableHelper.swift; sourceTree = "<group>"; };
		A5981B4D23A7D11F00A57683 /* Models.swift */ = {isa = PBXFileReference; fileEncoding = 4; lastKnownFileType = sourcecode.swift; path = Models.swift; sourceTree = "<group>"; };
		A5981B4E23A7D12000A57683 /* JSONEncodableEncoding.swift */ = {isa = PBXFileReference; fileEncoding = 4; lastKnownFileType = sourcecode.swift; path = JSONEncodableEncoding.swift; sourceTree = "<group>"; };
		A5981B5723A7D1B100A57683 /* AlamofireImplementations.swift */ = {isa = PBXFileReference; fileEncoding = 4; lastKnownFileType = sourcecode.swift; path = AlamofireImplementations.swift; sourceTree = "<group>"; };
		A5981B5923A7D1B100A57683 /* ArticlesAPI.swift */ = {isa = PBXFileReference; fileEncoding = 4; lastKnownFileType = sourcecode.swift; path = ArticlesAPI.swift; sourceTree = "<group>"; };
		A5981B5A23A7D1B100A57683 /* APIs.swift */ = {isa = PBXFileReference; fileEncoding = 4; lastKnownFileType = sourcecode.swift; path = APIs.swift; sourceTree = "<group>"; };
		A5981B5C23A7D1B100A57683 /* Source.swift */ = {isa = PBXFileReference; fileEncoding = 4; lastKnownFileType = sourcecode.swift; path = Source.swift; sourceTree = "<group>"; };
		A5981B5D23A7D1B100A57683 /* ArticleList.swift */ = {isa = PBXFileReference; fileEncoding = 4; lastKnownFileType = sourcecode.swift; path = ArticleList.swift; sourceTree = "<group>"; };
		A5981B5E23A7D1B100A57683 /* Article.swift */ = {isa = PBXFileReference; fileEncoding = 4; lastKnownFileType = sourcecode.swift; path = Article.swift; sourceTree = "<group>"; };
		A5981B6723A7EB5900A57683 /* RAMCellView.swift */ = {isa = PBXFileReference; lastKnownFileType = sourcecode.swift; path = RAMCellView.swift; sourceTree = "<group>"; };
/* End PBXFileReference section */

/* Begin PBXFrameworksBuildPhase section */
		A5981A0223A3E25300A57683 /* Frameworks */ = {
			isa = PBXFrameworksBuildPhase;
			buildActionMask = 2147483647;
			files = (
				A5981A1E23A5725900A57683 /* Alamofire in Frameworks */,
			);
			runOnlyForDeploymentPostprocessing = 0;
		};
/* End PBXFrameworksBuildPhase section */

/* Begin PBXGroup section */
		A59819FC23A3E25200A57683 = {
			isa = PBXGroup;
			children = (
				A5981A0723A3E25300A57683 /* HW2_NetworkApi_SwiftUI */,
				A5981A0623A3E25300A57683 /* Products */,
			);
			sourceTree = "<group>";
		};
		A5981A0623A3E25300A57683 /* Products */ = {
			isa = PBXGroup;
			children = (
				A5981A0523A3E25300A57683 /* HW2_NetworkApi_SwiftUI.app */,
			);
			name = Products;
			sourceTree = "<group>";
		};
		A5981A0723A3E25300A57683 /* HW2_NetworkApi_SwiftUI */ = {
			isa = PBXGroup;
			children = (
				A5981A8B23A6A7F100A57683 /* Api */,
				A5981A4623A691CE00A57683 /* Extensions */,
				A5981A2223A6840C00A57683 /* Models */,
				A5981A0823A3E25300A57683 /* AppDelegate.swift */,
				A5981A0E23A3E25500A57683 /* Assets.xcassets */,
				A5981A1623A3E25500A57683 /* Info.plist */,
				A5981A1323A3E25500A57683 /* LaunchScreen.storyboard */,
				A5981AB923A6A7F100A57683 /* RAMView.swift */,
				A5981B6723A7EB5900A57683 /* RAMCellView.swift */,
				A5981A4223A684BF00A57683 /* NewsView.swift */,
				A5981A1023A3E25500A57683 /* Preview Content */,
				A5981A0C23A3E25400A57683 /* RootView.swift */,
				A5981A0A23A3E25300A57683 /* SceneDelegate.swift */,
				A5981B4623A7C53400A57683 /* ActivityIndicatorView.swift */,
			);
			path = HW2_NetworkApi_SwiftUI;
			sourceTree = "<group>";
		};
		A5981A1023A3E25500A57683 /* Preview Content */ = {
			isa = PBXGroup;
			children = (
				A5981A1123A3E25500A57683 /* Preview Assets.xcassets */,
			);
			path = "Preview Content";
			sourceTree = "<group>";
		};
		A5981A2223A6840C00A57683 /* Models */ = {
			isa = PBXGroup;
			children = (
				A5981A4423A684BF00A57683 /* ArticlesListViewModel.swift */,
				A5981A8723A6A7F100A57683 /* PersonListViewModel.swift */,
			);
			path = Models;
			sourceTree = "<group>";
		};
		A5981A4623A691CE00A57683 /* Extensions */ = {
			isa = PBXGroup;
			children = (
				A5981A4723A691E200A57683 /* Collection.swift */,
			);
			path = Extensions;
			sourceTree = "<group>";
		};
		A5981A8B23A6A7F100A57683 /* Api */ = {
			isa = PBXGroup;
			children = (
				A5981B5623A7D1B000A57683 /* NewsAPIs */,
				A5981B4923A7D11F00A57683 /* APIHelper.swift */,
				A5981B4C23A7D11F00A57683 /* CodableHelper.swift */,
				A5981B4B23A7D11F00A57683 /* Configuration.swift */,
				A5981B4A23A7D11F00A57683 /* Extensions.swift */,
				A5981B4E23A7D12000A57683 /* JSONEncodableEncoding.swift */,
				A5981B4823A7D11F00A57683 /* JSONEncodingHelper.swift */,
				A5981B4D23A7D11F00A57683 /* Models.swift */,
				A5981B3223A7C3C800A57683 /* ErrorModel.swift */,
				A5981B2523A7C3C800A57683 /* RickAndMortiAPIs */,
			);
			path = Api;
			sourceTree = SOURCE_ROOT;
		};
		A5981B2523A7C3C800A57683 /* RickAndMortiAPIs */ = {
			isa = PBXGroup;
			children = (
				A5981B2823A7C3C800A57683 /* APIs */,
				A5981B2D23A7C3C800A57683 /* Models */,
				A5981B2C23A7C3C800A57683 /* RickAndMortiAPI.swift */,
				A5981B2723A7C3C800A57683 /* AlamofireRequestBuilderFactoryForRAM.swift */,
			);
			path = RickAndMortiAPIs;
			sourceTree = "<group>";
		};
		A5981B2823A7C3C800A57683 /* APIs */ = {
			isa = PBXGroup;
			children = (
				A5981B2923A7C3C800A57683 /* PersonsAPI.swift */,
			);
			path = APIs;
			sourceTree = "<group>";
		};
		A5981B2D23A7C3C800A57683 /* Models */ = {
			isa = PBXGroup;
			children = (
				A5981B2E23A7C3C800A57683 /* Person.swift */,
				A5981B2F23A7C3C800A57683 /* Info.swift */,
				A5981B3023A7C3C800A57683 /* PersonList.swift */,
				A5981B3123A7C3C800A57683 /* OriginLocation.swift */,
			);
			path = Models;
			sourceTree = "<group>";
		};
		A5981B5623A7D1B000A57683 /* NewsAPIs */ = {
			isa = PBXGroup;
			children = (
				A5981B5723A7D1B100A57683 /* AlamofireImplementations.swift */,
				A5981B5823A7D1B100A57683 /* APIs */,
				A5981B5A23A7D1B100A57683 /* APIs.swift */,
				A5981B5B23A7D1B100A57683 /* Models */,
			);
			path = NewsAPIs;
			sourceTree = "<group>";
		};
		A5981B5823A7D1B100A57683 /* APIs */ = {
			isa = PBXGroup;
			children = (
				A5981B5923A7D1B100A57683 /* ArticlesAPI.swift */,
			);
			path = APIs;
			sourceTree = "<group>";
		};
		A5981B5B23A7D1B100A57683 /* Models */ = {
			isa = PBXGroup;
			children = (
				A5981B5C23A7D1B100A57683 /* Source.swift */,
				A5981B5D23A7D1B100A57683 /* ArticleList.swift */,
				A5981B5E23A7D1B100A57683 /* Article.swift */,
			);
			path = Models;
			sourceTree = "<group>";
		};
/* End PBXGroup section */

/* Begin PBXNativeTarget section */
		A5981A0423A3E25300A57683 /* HW2_NetworkApi_SwiftUI */ = {
			isa = PBXNativeTarget;
			buildConfigurationList = A5981A1923A3E25500A57683 /* Build configuration list for PBXNativeTarget "HW2_NetworkApi_SwiftUI" */;
			buildPhases = (
				A5981A0123A3E25300A57683 /* Sources */,
				A5981A0223A3E25300A57683 /* Frameworks */,
				A5981A0323A3E25300A57683 /* Resources */,
			);
			buildRules = (
			);
			dependencies = (
			);
			name = HW2_NetworkApi_SwiftUI;
			packageProductDependencies = (
				A5981A1D23A5725900A57683 /* Alamofire */,
			);
			productName = HW2_NetworkApi_SwiftUI;
			productReference = A5981A0523A3E25300A57683 /* HW2_NetworkApi_SwiftUI.app */;
			productType = "com.apple.product-type.application";
		};
/* End PBXNativeTarget section */

/* Begin PBXProject section */
		A59819FD23A3E25200A57683 /* Project object */ = {
			isa = PBXProject;
			attributes = {
				LastSwiftUpdateCheck = 1120;
				LastUpgradeCheck = 1120;
				ORGANIZATIONNAME = digt;
				TargetAttributes = {
					A5981A0423A3E25300A57683 = {
						CreatedOnToolsVersion = 11.2;
					};
				};
			};
			buildConfigurationList = A5981A0023A3E25200A57683 /* Build configuration list for PBXProject "HW2_NetworkApi_SwiftUI" */;
			compatibilityVersion = "Xcode 9.3";
			developmentRegion = en;
			hasScannedForEncodings = 0;
			knownRegions = (
				en,
				Base,
			);
			mainGroup = A59819FC23A3E25200A57683;
			packageReferences = (
				A5981A1C23A5725900A57683 /* XCRemoteSwiftPackageReference "Alamofire" */,
			);
			productRefGroup = A5981A0623A3E25300A57683 /* Products */;
			projectDirPath = "";
			projectRoot = "";
			targets = (
				A5981A0423A3E25300A57683 /* HW2_NetworkApi_SwiftUI */,
			);
		};
/* End PBXProject section */

/* Begin PBXResourcesBuildPhase section */
		A5981A0323A3E25300A57683 /* Resources */ = {
			isa = PBXResourcesBuildPhase;
			buildActionMask = 2147483647;
			files = (
				A5981A1523A3E25500A57683 /* LaunchScreen.storyboard in Resources */,
				A5981A1223A3E25500A57683 /* Preview Assets.xcassets in Resources */,
				A5981A0F23A3E25500A57683 /* Assets.xcassets in Resources */,
			);
			runOnlyForDeploymentPostprocessing = 0;
		};
/* End PBXResourcesBuildPhase section */

/* Begin PBXSourcesBuildPhase section */
		A5981A0123A3E25300A57683 /* Sources */ = {
			isa = PBXSourcesBuildPhase;
			buildActionMask = 2147483647;
			files = (
				A5981B3D23A7C3C900A57683 /* Person.swift in Sources */,
				A5981B3E23A7C3C900A57683 /* Info.swift in Sources */,
				A5981B4723A7C53400A57683 /* ActivityIndicatorView.swift in Sources */,
				A5981A0923A3E25300A57683 /* AppDelegate.swift in Sources */,
				A5981A4323A684BF00A57683 /* NewsView.swift in Sources */,
				A5981B5023A7D12000A57683 /* APIHelper.swift in Sources */,
				A5981A0B23A3E25300A57683 /* SceneDelegate.swift in Sources */,
				A5981B3F23A7C3C900A57683 /* PersonList.swift in Sources */,
				A5981B4123A7C3C900A57683 /* ErrorModel.swift in Sources */,
				A5981B6123A7D1B100A57683 /* ArticlesAPI.swift in Sources */,
				A5981B5223A7D12000A57683 /* Configuration.swift in Sources */,
				A5981B3823A7C3C900A57683 /* AlamofireRequestBuilderFactoryForRAM.swift in Sources */,
				A5981B5423A7D12000A57683 /* Models.swift in Sources */,
				A5981B5523A7D12000A57683 /* JSONEncodableEncoding.swift in Sources */,
				A5981B6523A7D1B100A57683 /* Article.swift in Sources */,
				A5981B3923A7C3C900A57683 /* PersonsAPI.swift in Sources */,
				A5981B3C23A7C3C900A57683 /* RickAndMortiAPI.swift in Sources */,
				A5981B6223A7D1B100A57683 /* APIs.swift in Sources */,
				A5981B4023A7C3C900A57683 /* OriginLocation.swift in Sources */,
				A5981A0D23A3E25400A57683 /* RootView.swift in Sources */,
				A5981A4523A684BF00A57683 /* ArticlesListViewModel.swift in Sources */,
				A5981B5123A7D12000A57683 /* Extensions.swift in Sources */,
				A5981B4F23A7D12000A57683 /* JSONEncodingHelper.swift in Sources */,
				A5981A4823A691E200A57683 /* Collection.swift in Sources */,
				A5981ABA23A6A7F100A57683 /* RAMView.swift in Sources */,
				A5981B6423A7D1B100A57683 /* ArticleList.swift in Sources */,
				A5981B6323A7D1B100A57683 /* Source.swift in Sources */,
				A5981B5323A7D12000A57683 /* CodableHelper.swift in Sources */,
				A5981A8823A6A7F100A57683 /* PersonListViewModel.swift in Sources */,
				A5981B6023A7D1B100A57683 /* AlamofireImplementations.swift in Sources */,
				A5981B6823A7EB5900A57683 /* RAMCellView.swift in Sources */,
			);
			runOnlyForDeploymentPostprocessing = 0;
		};
/* End PBXSourcesBuildPhase section */

/* Begin PBXVariantGroup section */
		A5981A1323A3E25500A57683 /* LaunchScreen.storyboard */ = {
			isa = PBXVariantGroup;
			children = (
				A5981A1423A3E25500A57683 /* Base */,
			);
			name = LaunchScreen.storyboard;
			sourceTree = "<group>";
		};
/* End PBXVariantGroup section */

/* Begin XCBuildConfiguration section */
		A5981A1723A3E25500A57683 /* Debug */ = {
			isa = XCBuildConfiguration;
			buildSettings = {
				ALWAYS_SEARCH_USER_PATHS = NO;
				CLANG_ANALYZER_NONNULL = YES;
				CLANG_ANALYZER_NUMBER_OBJECT_CONVERSION = YES_AGGRESSIVE;
				CLANG_CXX_LANGUAGE_STANDARD = "gnu++14";
				CLANG_CXX_LIBRARY = "libc++";
				CLANG_ENABLE_MODULES = YES;
				CLANG_ENABLE_OBJC_ARC = YES;
				CLANG_ENABLE_OBJC_WEAK = YES;
				CLANG_WARN_BLOCK_CAPTURE_AUTORELEASING = YES;
				CLANG_WARN_BOOL_CONVERSION = YES;
				CLANG_WARN_COMMA = YES;
				CLANG_WARN_CONSTANT_CONVERSION = YES;
				CLANG_WARN_DEPRECATED_OBJC_IMPLEMENTATIONS = YES;
				CLANG_WARN_DIRECT_OBJC_ISA_USAGE = YES_ERROR;
				CLANG_WARN_DOCUMENTATION_COMMENTS = YES;
				CLANG_WARN_EMPTY_BODY = YES;
				CLANG_WARN_ENUM_CONVERSION = YES;
				CLANG_WARN_INFINITE_RECURSION = YES;
				CLANG_WARN_INT_CONVERSION = YES;
				CLANG_WARN_NON_LITERAL_NULL_CONVERSION = YES;
				CLANG_WARN_OBJC_IMPLICIT_RETAIN_SELF = YES;
				CLANG_WARN_OBJC_LITERAL_CONVERSION = YES;
				CLANG_WARN_OBJC_ROOT_CLASS = YES_ERROR;
				CLANG_WARN_RANGE_LOOP_ANALYSIS = YES;
				CLANG_WARN_STRICT_PROTOTYPES = YES;
				CLANG_WARN_SUSPICIOUS_MOVE = YES;
				CLANG_WARN_UNGUARDED_AVAILABILITY = YES_AGGRESSIVE;
				CLANG_WARN_UNREACHABLE_CODE = YES;
				CLANG_WARN__DUPLICATE_METHOD_MATCH = YES;
				COPY_PHASE_STRIP = NO;
				DEBUG_INFORMATION_FORMAT = dwarf;
				ENABLE_STRICT_OBJC_MSGSEND = YES;
				ENABLE_TESTABILITY = YES;
				GCC_C_LANGUAGE_STANDARD = gnu11;
				GCC_DYNAMIC_NO_PIC = NO;
				GCC_NO_COMMON_BLOCKS = YES;
				GCC_OPTIMIZATION_LEVEL = 0;
				GCC_PREPROCESSOR_DEFINITIONS = (
					"DEBUG=1",
					"$(inherited)",
				);
				GCC_WARN_64_TO_32_BIT_CONVERSION = YES;
				GCC_WARN_ABOUT_RETURN_TYPE = YES_ERROR;
				GCC_WARN_UNDECLARED_SELECTOR = YES;
				GCC_WARN_UNINITIALIZED_AUTOS = YES_AGGRESSIVE;
				GCC_WARN_UNUSED_FUNCTION = YES;
				GCC_WARN_UNUSED_VARIABLE = YES;
				IPHONEOS_DEPLOYMENT_TARGET = 13.2;
				MTL_ENABLE_DEBUG_INFO = INCLUDE_SOURCE;
				MTL_FAST_MATH = YES;
				ONLY_ACTIVE_ARCH = YES;
				SDKROOT = iphoneos;
				SWIFT_ACTIVE_COMPILATION_CONDITIONS = DEBUG;
				SWIFT_OPTIMIZATION_LEVEL = "-Onone";
			};
			name = Debug;
		};
		A5981A1823A3E25500A57683 /* Release */ = {
			isa = XCBuildConfiguration;
			buildSettings = {
				ALWAYS_SEARCH_USER_PATHS = NO;
				CLANG_ANALYZER_NONNULL = YES;
				CLANG_ANALYZER_NUMBER_OBJECT_CONVERSION = YES_AGGRESSIVE;
				CLANG_CXX_LANGUAGE_STANDARD = "gnu++14";
				CLANG_CXX_LIBRARY = "libc++";
				CLANG_ENABLE_MODULES = YES;
				CLANG_ENABLE_OBJC_ARC = YES;
				CLANG_ENABLE_OBJC_WEAK = YES;
				CLANG_WARN_BLOCK_CAPTURE_AUTORELEASING = YES;
				CLANG_WARN_BOOL_CONVERSION = YES;
				CLANG_WARN_COMMA = YES;
				CLANG_WARN_CONSTANT_CONVERSION = YES;
				CLANG_WARN_DEPRECATED_OBJC_IMPLEMENTATIONS = YES;
				CLANG_WARN_DIRECT_OBJC_ISA_USAGE = YES_ERROR;
				CLANG_WARN_DOCUMENTATION_COMMENTS = YES;
				CLANG_WARN_EMPTY_BODY = YES;
				CLANG_WARN_ENUM_CONVERSION = YES;
				CLANG_WARN_INFINITE_RECURSION = YES;
				CLANG_WARN_INT_CONVERSION = YES;
				CLANG_WARN_NON_LITERAL_NULL_CONVERSION = YES;
				CLANG_WARN_OBJC_IMPLICIT_RETAIN_SELF = YES;
				CLANG_WARN_OBJC_LITERAL_CONVERSION = YES;
				CLANG_WARN_OBJC_ROOT_CLASS = YES_ERROR;
				CLANG_WARN_RANGE_LOOP_ANALYSIS = YES;
				CLANG_WARN_STRICT_PROTOTYPES = YES;
				CLANG_WARN_SUSPICIOUS_MOVE = YES;
				CLANG_WARN_UNGUARDED_AVAILABILITY = YES_AGGRESSIVE;
				CLANG_WARN_UNREACHABLE_CODE = YES;
				CLANG_WARN__DUPLICATE_METHOD_MATCH = YES;
				COPY_PHASE_STRIP = NO;
				DEBUG_INFORMATION_FORMAT = "dwarf-with-dsym";
				ENABLE_NS_ASSERTIONS = NO;
				ENABLE_STRICT_OBJC_MSGSEND = YES;
				GCC_C_LANGUAGE_STANDARD = gnu11;
				GCC_NO_COMMON_BLOCKS = YES;
				GCC_WARN_64_TO_32_BIT_CONVERSION = YES;
				GCC_WARN_ABOUT_RETURN_TYPE = YES_ERROR;
				GCC_WARN_UNDECLARED_SELECTOR = YES;
				GCC_WARN_UNINITIALIZED_AUTOS = YES_AGGRESSIVE;
				GCC_WARN_UNUSED_FUNCTION = YES;
				GCC_WARN_UNUSED_VARIABLE = YES;
				IPHONEOS_DEPLOYMENT_TARGET = 13.2;
				MTL_ENABLE_DEBUG_INFO = NO;
				MTL_FAST_MATH = YES;
				SDKROOT = iphoneos;
				SWIFT_COMPILATION_MODE = wholemodule;
				SWIFT_OPTIMIZATION_LEVEL = "-O";
				VALIDATE_PRODUCT = YES;
			};
			name = Release;
		};
		A5981A1A23A3E25500A57683 /* Debug */ = {
			isa = XCBuildConfiguration;
			buildSettings = {
				ASSETCATALOG_COMPILER_APPICON_NAME = AppIcon;
				CODE_SIGN_STYLE = Automatic;
				DEVELOPMENT_ASSET_PATHS = "\"HW2_NetworkApi_SwiftUI/Preview Content\"";
				DEVELOPMENT_TEAM = 8TC4KGDY5X;
				ENABLE_PREVIEWS = YES;
				INFOPLIST_FILE = HW2_NetworkApi_SwiftUI/Info.plist;
				LD_RUNPATH_SEARCH_PATHS = (
					"$(inherited)",
					"@executable_path/Frameworks",
				);
				PRODUCT_BUNDLE_IDENTIFIER = "com.digt.HW2-NetworkApi-SwiftUI";
				PRODUCT_NAME = "$(TARGET_NAME)";
				SWIFT_VERSION = 5.0;
				TARGETED_DEVICE_FAMILY = "1,2";
			};
			name = Debug;
		};
		A5981A1B23A3E25500A57683 /* Release */ = {
			isa = XCBuildConfiguration;
			buildSettings = {
				ASSETCATALOG_COMPILER_APPICON_NAME = AppIcon;
				CODE_SIGN_STYLE = Automatic;
				DEVELOPMENT_ASSET_PATHS = "\"HW2_NetworkApi_SwiftUI/Preview Content\"";
				DEVELOPMENT_TEAM = 8TC4KGDY5X;
				ENABLE_PREVIEWS = YES;
				INFOPLIST_FILE = HW2_NetworkApi_SwiftUI/Info.plist;
				LD_RUNPATH_SEARCH_PATHS = (
					"$(inherited)",
					"@executable_path/Frameworks",
				);
				PRODUCT_BUNDLE_IDENTIFIER = "com.digt.HW2-NetworkApi-SwiftUI";
				PRODUCT_NAME = "$(TARGET_NAME)";
				SWIFT_VERSION = 5.0;
				TARGETED_DEVICE_FAMILY = "1,2";
			};
			name = Release;
		};
/* End XCBuildConfiguration section */

/* Begin XCConfigurationList section */
		A5981A0023A3E25200A57683 /* Build configuration list for PBXProject "HW2_NetworkApi_SwiftUI" */ = {
			isa = XCConfigurationList;
			buildConfigurations = (
				A5981A1723A3E25500A57683 /* Debug */,
				A5981A1823A3E25500A57683 /* Release */,
			);
			defaultConfigurationIsVisible = 0;
			defaultConfigurationName = Release;
		};
		A5981A1923A3E25500A57683 /* Build configuration list for PBXNativeTarget "HW2_NetworkApi_SwiftUI" */ = {
			isa = XCConfigurationList;
			buildConfigurations = (
				A5981A1A23A3E25500A57683 /* Debug */,
				A5981A1B23A3E25500A57683 /* Release */,
			);
			defaultConfigurationIsVisible = 0;
			defaultConfigurationName = Release;
		};
/* End XCConfigurationList section */

/* Begin XCRemoteSwiftPackageReference section */
		A5981A1C23A5725900A57683 /* XCRemoteSwiftPackageReference "Alamofire" */ = {
			isa = XCRemoteSwiftPackageReference;
			repositoryURL = "https://github.com/Alamofire/Alamofire";
			requirement = {
				kind = upToNextMajorVersion;
				minimumVersion = 4.9.1;
			};
		};
/* End XCRemoteSwiftPackageReference section */

/* Begin XCSwiftPackageProductDependency section */
		A5981A1D23A5725900A57683 /* Alamofire */ = {
			isa = XCSwiftPackageProductDependency;
			package = A5981A1C23A5725900A57683 /* XCRemoteSwiftPackageReference "Alamofire" */;
			productName = Alamofire;
		};
/* End XCSwiftPackageProductDependency section */
	};
	rootObject = A59819FD23A3E25200A57683 /* Project object */;
}
